// !$*UTF8*$!
{
	archiveVersion = 1;
	classes = {
	};
	objectVersion = 46;
	objects = {

/* Begin PBXBuildFile section */
		6F0389D81C6802F800396425 /* AppDelegate.swift in Sources */ = {isa = PBXBuildFile; fileRef = 6F0389D71C6802F800396425 /* AppDelegate.swift */; };
		6F0389DA1C6802F800396425 /* ViewController.swift in Sources */ = {isa = PBXBuildFile; fileRef = 6F0389D91C6802F800396425 /* ViewController.swift */; };
		6F0389DF1C6802F800396425 /* Assets.xcassets in Resources */ = {isa = PBXBuildFile; fileRef = 6F0389DE1C6802F800396425 /* Assets.xcassets */; };
		6F0389E21C6802F800396425 /* LaunchScreen.storyboard in Resources */ = {isa = PBXBuildFile; fileRef = 6F0389E01C6802F800396425 /* LaunchScreen.storyboard */; };
		6F0389ED1C6802F800396425 /* CalCTests.swift in Sources */ = {isa = PBXBuildFile; fileRef = 6F0389EC1C6802F800396425 /* CalCTests.swift */; };
		6F0389F81C6802F800396425 /* CalCUITests.swift in Sources */ = {isa = PBXBuildFile; fileRef = 6F0389F71C6802F800396425 /* CalCUITests.swift */; };
		6F038A0A1C68050600396425 /* Main.storyboard in Resources */ = {isa = PBXBuildFile; fileRef = 6F038A081C68050600396425 /* Main.storyboard */; };
/* End PBXBuildFile section */

/* Begin PBXContainerItemProxy section */
		6F0389E91C6802F800396425 /* PBXContainerItemProxy */ = {
			isa = PBXContainerItemProxy;
			containerPortal = 6F0389CC1C6802F800396425 /* Project object */;
			proxyType = 1;
			remoteGlobalIDString = 6F0389D31C6802F800396425;
			remoteInfo = CalC;
		};
		6F0389F41C6802F800396425 /* PBXContainerItemProxy */ = {
			isa = PBXContainerItemProxy;
			containerPortal = 6F0389CC1C6802F800396425 /* Project object */;
			proxyType = 1;
			remoteGlobalIDString = 6F0389D31C6802F800396425;
			remoteInfo = CalC;
		};
/* End PBXContainerItemProxy section */

/* Begin PBXFileReference section */
		6F0389D41C6802F800396425 /* CalC.app */ = {isa = PBXFileReference; explicitFileType = wrapper.application; includeInIndex = 0; path = CalC.app; sourceTree = BUILT_PRODUCTS_DIR; };
		6F0389D71C6802F800396425 /* AppDelegate.swift */ = {isa = PBXFileReference; lastKnownFileType = sourcecode.swift; path = AppDelegate.swift; sourceTree = "<group>"; };
		6F0389D91C6802F800396425 /* ViewController.swift */ = {isa = PBXFileReference; lastKnownFileType = sourcecode.swift; path = ViewController.swift; sourceTree = "<group>"; };
		6F0389DE1C6802F800396425 /* Assets.xcassets */ = {isa = PBXFileReference; lastKnownFileType = folder.assetcatalog; path = Assets.xcassets; sourceTree = "<group>"; };
		6F0389E11C6802F800396425 /* Base */ = {isa = PBXFileReference; lastKnownFileType = file.storyboard; name = Base; path = Base.lproj/LaunchScreen.storyboard; sourceTree = "<group>"; };
		6F0389E31C6802F800396425 /* Info.plist */ = {isa = PBXFileReference; lastKnownFileType = text.plist.xml; path = Info.plist; sourceTree = "<group>"; };
		6F0389E81C6802F800396425 /* CalCTests.xctest */ = {isa = PBXFileReference; explicitFileType = wrapper.cfbundle; includeInIndex = 0; path = CalCTests.xctest; sourceTree = BUILT_PRODUCTS_DIR; };
		6F0389EC1C6802F800396425 /* CalCTests.swift */ = {isa = PBXFileReference; lastKnownFileType = sourcecode.swift; path = CalCTests.swift; sourceTree = "<group>"; };
		6F0389EE1C6802F800396425 /* Info.plist */ = {isa = PBXFileReference; lastKnownFileType = text.plist.xml; path = Info.plist; sourceTree = "<group>"; };
		6F0389F31C6802F800396425 /* CalCUITests.xctest */ = {isa = PBXFileReference; explicitFileType = wrapper.cfbundle; includeInIndex = 0; path = CalCUITests.xctest; sourceTree = BUILT_PRODUCTS_DIR; };
		6F0389F71C6802F800396425 /* CalCUITests.swift */ = {isa = PBXFileReference; lastKnownFileType = sourcecode.swift; path = CalCUITests.swift; sourceTree = "<group>"; };
		6F0389F91C6802F800396425 /* Info.plist */ = {isa = PBXFileReference; lastKnownFileType = text.plist.xml; path = Info.plist; sourceTree = "<group>"; };
		6F038A091C68050600396425 /* Base */ = {isa = PBXFileReference; lastKnownFileType = file.storyboard; name = Base; path = Base.lproj/Main.storyboard; sourceTree = "<group>"; };
/* End PBXFileReference section */

/* Begin PBXFrameworksBuildPhase section */
		6F0389D11C6802F800396425 /* Frameworks */ = {
			isa = PBXFrameworksBuildPhase;
			buildActionMask = 2147483647;
			files = (
			);
			runOnlyForDeploymentPostprocessing = 0;
		};
		6F0389E51C6802F800396425 /* Frameworks */ = {
			isa = PBXFrameworksBuildPhase;
			buildActionMask = 2147483647;
			files = (
			);
			runOnlyForDeploymentPostprocessing = 0;
		};
		6F0389F01C6802F800396425 /* Frameworks */ = {
			isa = PBXFrameworksBuildPhase;
			buildActionMask = 2147483647;
			files = (
			);
			runOnlyForDeploymentPostprocessing = 0;
		};
/* End PBXFrameworksBuildPhase section */

/* Begin PBXGroup section */
		6F0389CB1C6802F800396425 = {
			isa = PBXGroup;
			children = (
				6F0389D61C6802F800396425 /* CalC */,
				6F0389EB1C6802F800396425 /* CalCTests */,
				6F0389F61C6802F800396425 /* CalCUITests */,
				6F0389D51C6802F800396425 /* Products */,
			);
			sourceTree = "<group>";
		};
		6F0389D51C6802F800396425 /* Products */ = {
			isa = PBXGroup;
			children = (
				6F0389D41C6802F800396425 /* CalC.app */,
				6F0389E81C6802F800396425 /* CalCTests.xctest */,
				6F0389F31C6802F800396425 /* CalCUITests.xctest */,
			);
			name = Products;
			sourceTree = "<group>";
		};
		6F0389D61C6802F800396425 /* CalC */ = {
			isa = PBXGroup;
			children = (
				6F038A081C68050600396425 /* Main.storyboard */,
				6F0389D71C6802F800396425 /* AppDelegate.swift */,
				6F0389D91C6802F800396425 /* ViewController.swift */,
				6F0389DE1C6802F800396425 /* Assets.xcassets */,
				6F0389E01C6802F800396425 /* LaunchScreen.storyboard */,
				6F0389E31C6802F800396425 /* Info.plist */,
			);
			path = CalC;
			sourceTree = "<group>";
		};
		6F0389EB1C6802F800396425 /* CalCTests */ = {
			isa = PBXGroup;
			children = (
				6F0389EC1C6802F800396425 /* CalCTests.swift */,
				6F0389EE1C6802F800396425 /* Info.plist */,
			);
			path = CalCTests;
			sourceTree = "<group>";
		};
		6F0389F61C6802F800396425 /* CalCUITests */ = {
			isa = PBXGroup;
			children = (
				6F0389F71C6802F800396425 /* CalCUITests.swift */,
				6F0389F91C6802F800396425 /* Info.plist */,
			);
			path = CalCUITests;
			sourceTree = "<group>";
		};
/* End PBXGroup section */

/* Begin PBXNativeTarget section */
		6F0389D31C6802F800396425 /* CalC */ = {
			isa = PBXNativeTarget;
			buildConfigurationList = 6F0389FC1C6802F800396425 /* Build configuration list for PBXNativeTarget "CalC" */;
			buildPhases = (
				6F0389D01C6802F800396425 /* Sources */,
				6F0389D11C6802F800396425 /* Frameworks */,
				6F0389D21C6802F800396425 /* Resources */,
			);
			buildRules = (
			);
			dependencies = (
			);
			name = CalC;
			productName = CalC;
			productReference = 6F0389D41C6802F800396425 /* CalC.app */;
			productType = "com.apple.product-type.application";
		};
		6F0389E71C6802F800396425 /* CalCTests */ = {
			isa = PBXNativeTarget;
			buildConfigurationList = 6F0389FF1C6802F800396425 /* Build configuration list for PBXNativeTarget "CalCTests" */;
			buildPhases = (
				6F0389E41C6802F800396425 /* Sources */,
				6F0389E51C6802F800396425 /* Frameworks */,
				6F0389E61C6802F800396425 /* Resources */,
			);
			buildRules = (
			);
			dependencies = (
				6F0389EA1C6802F800396425 /* PBXTargetDependency */,
			);
			name = CalCTests;
			productName = CalCTests;
			productReference = 6F0389E81C6802F800396425 /* CalCTests.xctest */;
			productType = "com.apple.product-type.bundle.unit-test";
		};
		6F0389F21C6802F800396425 /* CalCUITests */ = {
			isa = PBXNativeTarget;
			buildConfigurationList = 6F038A021C6802F800396425 /* Build configuration list for PBXNativeTarget "CalCUITests" */;
			buildPhases = (
				6F0389EF1C6802F800396425 /* Sources */,
				6F0389F01C6802F800396425 /* Frameworks */,
				6F0389F11C6802F800396425 /* Resources */,
			);
			buildRules = (
			);
			dependencies = (
				6F0389F51C6802F800396425 /* PBXTargetDependency */,
			);
			name = CalCUITests;
			productName = CalCUITests;
			productReference = 6F0389F31C6802F800396425 /* CalCUITests.xctest */;
			productType = "com.apple.product-type.bundle.ui-testing";
		};
/* End PBXNativeTarget section */

/* Begin PBXProject section */
		6F0389CC1C6802F800396425 /* Project object */ = {
			isa = PBXProject;
			attributes = {
				LastSwiftUpdateCheck = 0720;
				LastUpgradeCheck = 0720;
				ORGANIZATIONNAME = Personal;
				TargetAttributes = {
					6F0389D31C6802F800396425 = {
						CreatedOnToolsVersion = 7.2;
						DevelopmentTeam = AQMFPYXJZT;
					};
					6F0389E71C6802F800396425 = {
						CreatedOnToolsVersion = 7.2;
						DevelopmentTeam = AQMFPYXJZT;
						TestTargetID = 6F0389D31C6802F800396425;
					};
					6F0389F21C6802F800396425 = {
						CreatedOnToolsVersion = 7.2;
						DevelopmentTeam = AQMFPYXJZT;
						TestTargetID = 6F0389D31C6802F800396425;
					};
				};
			};
			buildConfigurationList = 6F0389CF1C6802F800396425 /* Build configuration list for PBXProject "CalC" */;
			compatibilityVersion = "Xcode 3.2";
			developmentRegion = English;
			hasScannedForEncodings = 0;
			knownRegions = (
				en,
				Base,
			);
			mainGroup = 6F0389CB1C6802F800396425;
			productRefGroup = 6F0389D51C6802F800396425 /* Products */;
			projectDirPath = "";
			projectRoot = "";
			targets = (
				6F0389D31C6802F800396425 /* CalC */,
				6F0389E71C6802F800396425 /* CalCTests */,
				6F0389F21C6802F800396425 /* CalCUITests */,
			);
		};
/* End PBXProject section */

/* Begin PBXResourcesBuildPhase section */
		6F0389D21C6802F800396425 /* Resources */ = {
			isa = PBXResourcesBuildPhase;
			buildActionMask = 2147483647;
			files = (
				6F038A0A1C68050600396425 /* Main.storyboard in Resources */,
				6F0389E21C6802F800396425 /* LaunchScreen.storyboard in Resources */,
				6F0389DF1C6802F800396425 /* Assets.xcassets in Resources */,
			);
			runOnlyForDeploymentPostprocessing = 0;
		};
		6F0389E61C6802F800396425 /* Resources */ = {
			isa = PBXResourcesBuildPhase;
			buildActionMask = 2147483647;
			files = (
			);
			runOnlyForDeploymentPostprocessing = 0;
		};
		6F0389F11C6802F800396425 /* Resources */ = {
			isa = PBXResourcesBuildPhase;
			buildActionMask = 2147483647;
			files = (
			);
			runOnlyForDeploymentPostprocessing = 0;
		};
/* End PBXResourcesBuildPhase section */

/* Begin PBXSourcesBuildPhase section */
		6F0389D01C6802F800396425 /* Sources */ = {
			isa = PBXSourcesBuildPhase;
			buildActionMask = 2147483647;
			files = (
				6F0389DA1C6802F800396425 /* ViewController.swift in Sources */,
				6F0389D81C6802F800396425 /* AppDelegate.swift in Sources */,
			);
			runOnlyForDeploymentPostprocessing = 0;
		};
		6F0389E41C6802F800396425 /* Sources */ = {
			isa = PBXSourcesBuildPhase;
			buildActionMask = 2147483647;
			files = (
				6F0389ED1C6802F800396425 /* CalCTests.swift in Sources */,
			);
			runOnlyForDeploymentPostprocessing = 0;
		};
		6F0389EF1C6802F800396425 /* Sources */ = {
			isa = PBXSourcesBuildPhase;
			buildActionMask = 2147483647;
			files = (
				6F0389F81C6802F800396425 /* CalCUITests.swift in Sources */,
			);
			runOnlyForDeploymentPostprocessing = 0;
		};
/* End PBXSourcesBuildPhase section */

/* Begin PBXTargetDependency section */
		6F0389EA1C6802F800396425 /* PBXTargetDependency */ = {
			isa = PBXTargetDependency;
			target = 6F0389D31C6802F800396425 /* CalC */;
			targetProxy = 6F0389E91C6802F800396425 /* PBXContainerItemProxy */;
		};
		6F0389F51C6802F800396425 /* PBXTargetDependency */ = {
			isa = PBXTargetDependency;
			target = 6F0389D31C6802F800396425 /* CalC */;
			targetProxy = 6F0389F41C6802F800396425 /* PBXContainerItemProxy */;
		};
/* End PBXTargetDependency section */

/* Begin PBXVariantGroup section */
		6F0389E01C6802F800396425 /* LaunchScreen.storyboard */ = {
			isa = PBXVariantGroup;
			children = (
				6F0389E11C6802F800396425 /* Base */,
			);
			name = LaunchScreen.storyboard;
			sourceTree = "<group>";
		};
		6F038A081C68050600396425 /* Main.storyboard */ = {
			isa = PBXVariantGroup;
			children = (
				6F038A091C68050600396425 /* Base */,
			);
			name = Main.storyboard;
			sourceTree = "<group>";
		};
/* End PBXVariantGroup section */

/* Begin XCBuildConfiguration section */
		6F0389FA1C6802F800396425 /* Debug */ = {
			isa = XCBuildConfiguration;
			buildSettings = {
				ALWAYS_SEARCH_USER_PATHS = NO;
				CLANG_CXX_LANGUAGE_STANDARD = "gnu++0x";
				CLANG_CXX_LIBRARY = "libc++";
				CLANG_ENABLE_MODULES = YES;
				CLANG_ENABLE_OBJC_ARC = YES;
				CLANG_WARN_BOOL_CONVERSION = YES;
				CLANG_WARN_CONSTANT_CONVERSION = YES;
				CLANG_WARN_DIRECT_OBJC_ISA_USAGE = YES_ERROR;
				CLANG_WARN_EMPTY_BODY = YES;
				CLANG_WARN_ENUM_CONVERSION = YES;
				CLANG_WARN_INT_CONVERSION = YES;
				CLANG_WARN_OBJC_ROOT_CLASS = YES_ERROR;
				CLANG_WARN_UNREACHABLE_CODE = YES;
				CLANG_WARN__DUPLICATE_METHOD_MATCH = YES;
				"CODE_SIGN_IDENTITY[sdk=iphoneos*]" = "iPhone Developer";
				COPY_PHASE_STRIP = NO;
				DEBUG_INFORMATION_FORMAT = dwarf;
				ENABLE_STRICT_OBJC_MSGSEND = YES;
				ENABLE_TESTABILITY = YES;
				GCC_C_LANGUAGE_STANDARD = gnu99;
				GCC_DYNAMIC_NO_PIC = NO;
				GCC_NO_COMMON_BLOCKS = YES;
				GCC_OPTIMIZATION_LEVEL = 0;
				GCC_PREPROCESSOR_DEFINITIONS = (
					"DEBUG=1",
					"$(inherited)",
				);
				GCC_WARN_64_TO_32_BIT_CONVERSION = YES;
				GCC_WARN_ABOUT_RETURN_TYPE = YES_ERROR;
				GCC_WARN_UNDECLARED_SELECTOR = YES;
				GCC_WARN_UNINITIALIZED_AUTOS = YES_AGGRESSIVE;
				GCC_WARN_UNUSED_FUNCTION = YES;
				GCC_WARN_UNUSED_VARIABLE = YES;
				IPHONEOS_DEPLOYMENT_TARGET = 9.2;
				MTL_ENABLE_DEBUG_INFO = YES;
				ONLY_ACTIVE_ARCH = YES;
				SDKROOT = iphoneos;
				SWIFT_OPTIMIZATION_LEVEL = "-Onone";
				TARGETED_DEVICE_FAMILY = "1,2";
			};
			name = Debug;
		};
		6F0389FB1C6802F800396425 /* Release */ = {
			isa = XCBuildConfiguration;
			buildSettings = {
				ALWAYS_SEARCH_USER_PATHS = NO;
				CLANG_CXX_LANGUAGE_STANDARD = "gnu++0x";
				CLANG_CXX_LIBRARY = "libc++";
				CLANG_ENABLE_MODULES = YES;
				CLANG_ENABLE_OBJC_ARC = YES;
				CLANG_WARN_BOOL_CONVERSION = YES;
				CLANG_WARN_CONSTANT_CONVERSION = YES;
				CLANG_WARN_DIRECT_OBJC_ISA_USAGE = YES_ERROR;
				CLANG_WARN_EMPTY_BODY = YES;
				CLANG_WARN_ENUM_CONVERSION = YES;
				CLANG_WARN_INT_CONVERSION = YES;
				CLANG_WARN_OBJC_ROOT_CLASS = YES_ERROR;
				CLANG_WARN_UNREACHABLE_CODE = YES;
				CLANG_WARN__DUPLICATE_METHOD_MATCH = YES;
				"CODE_SIGN_IDENTITY[sdk=iphoneos*]" = "iPhone Developer";
				COPY_PHASE_STRIP = NO;
				DEBUG_INFORMATION_FORMAT = "dwarf-with-dsym";
				ENABLE_NS_ASSERTIONS = NO;
				ENABLE_STRICT_OBJC_MSGSEND = YES;
				GCC_C_LANGUAGE_STANDARD = gnu99;
				GCC_NO_COMMON_BLOCKS = YES;
				GCC_WARN_64_TO_32_BIT_CONVERSION = YES;
				GCC_WARN_ABOUT_RETURN_TYPE = YES_ERROR;
				GCC_WARN_UNDECLARED_SELECTOR = YES;
				GCC_WARN_UNINITIALIZED_AUTOS = YES_AGGRESSIVE;
				GCC_WARN_UNUSED_FUNCTION = YES;
				GCC_WARN_UNUSED_VARIABLE = YES;
				IPHONEOS_DEPLOYMENT_TARGET = 9.2;
				MTL_ENABLE_DEBUG_INFO = NO;
				SDKROOT = iphoneos;
				TARGETED_DEVICE_FAMILY = "1,2";
				VALIDATE_PRODUCT = YES;
			};
			name = Release;
		};
		6F0389FD1C6802F800396425 /* Debug */ = {
			isa = XCBuildConfiguration;
			buildSettings = {
				ASSETCATALOG_COMPILER_APPICON_NAME = AppIcon;
				INFOPLIST_FILE = CalC/Info.plist;
				LD_RUNPATH_SEARCH_PATHS = "$(inherited) @executable_path/Frameworks";
				PRODUCT_BUNDLE_IDENTIFIER = com.Demo.UtsavParikh.CalC;
				PRODUCT_NAME = "$(TARGET_NAME)";
			};
			name = Debug;
		};
		6F0389FE1C6802F800396425 /* Release */ = {
			isa = XCBuildConfiguration;
			buildSettings = {
				ASSETCATALOG_COMPILER_APPICON_NAME = AppIcon;
				INFOPLIST_FILE = CalC/Info.plist;
				LD_RUNPATH_SEARCH_PATHS = "$(inherited) @executable_path/Frameworks";
				PRODUCT_BUNDLE_IDENTIFIER = com.Demo.UtsavParikh.CalC;
				PRODUCT_NAME = "$(TARGET_NAME)";
			};
			name = Release;
		};
		6F038A001C6802F800396425 /* Debug */ = {
			isa = XCBuildConfiguration;
			buildSettings = {
				BUNDLE_LOADER = "$(TEST_HOST)";
				INFOPLIST_FILE = CalCTests/Info.plist;
				LD_RUNPATH_SEARCH_PATHS = "$(inherited) @executable_path/Frameworks @loader_path/Frameworks";
				PRODUCT_BUNDLE_IDENTIFIER = com.Demo.UtsavParikh.CalCTests;
				PRODUCT_NAME = "$(TARGET_NAME)";
				TEST_HOST = "$(BUILT_PRODUCTS_DIR)/CalC.app/CalC";
			};
			name = Debug;
		};
		6F038A011C6802F800396425 /* Release */ = {
			isa = XCBuildConfiguration;
			buildSettings = {
				BUNDLE_LOADER = "$(TEST_HOST)";
				INFOPLIST_FILE = CalCTests/Info.plist;
				LD_RUNPATH_SEARCH_PATHS = "$(inherited) @executable_path/Frameworks @loader_path/Frameworks";
				PRODUCT_BUNDLE_IDENTIFIER = com.Demo.UtsavParikh.CalCTests;
				PRODUCT_NAME = "$(TARGET_NAME)";
				TEST_HOST = "$(BUILT_PRODUCTS_DIR)/CalC.app/CalC";
			};
			name = Release;
		};
		6F038A031C6802F800396425 /* Debug */ = {
			isa = XCBuildConfiguration;
			buildSettings = {
				INFOPLIST_FILE = CalCUITests/Info.plist;
				LD_RUNPATH_SEARCH_PATHS = "$(inherited) @executable_path/Frameworks @loader_path/Frameworks";
				PRODUCT_BUNDLE_IDENTIFIER = com.Demo.UtsavParikh.CalCUITests;
				PRODUCT_NAME = "$(TARGET_NAME)";
				TEST_TARGET_NAME = CalC;
				USES_XCTRUNNER = YES;
			};
			name = Debug;
		};
		6F038A041C6802F800396425 /* Release */ = {
			isa = XCBuildConfiguration;
			buildSettings = {
				INFOPLIST_FILE = CalCUITests/Info.plist;
				LD_RUNPATH_SEARCH_PATHS = "$(inherited) @executable_path/Frameworks @loader_path/Frameworks";
				PRODUCT_BUNDLE_IDENTIFIER = com.Demo.UtsavParikh.CalCUITests;
				PRODUCT_NAME = "$(TARGET_NAME)";
				TEST_TARGET_NAME = CalC;
				USES_XCTRUNNER = YES;
			};
			name = Release;
		};
/* End XCBuildConfiguration section */

/* Begin XCConfigurationList section */
		6F0389CF1C6802F800396425 /* Build configuration list for PBXProject "CalC" */ = {
			isa = XCConfigurationList;
			buildConfigurations = (
				6F0389FA1C6802F800396425 /* Debug */,
				6F0389FB1C6802F800396425 /* Release */,
			);
			defaultConfigurationIsVisible = 0;
			defaultConfigurationName = Release;
		};
		6F0389FC1C6802F800396425 /* Build configuration list for PBXNativeTarget "CalC" */ = {
			isa = XCConfigurationList;
			buildConfigurations = (
				6F0389FD1C6802F800396425 /* Debug */,
				6F0389FE1C6802F800396425 /* Release */,
			);
			defaultConfigurationIsVisible = 0;
		};
		6F0389FF1C6802F800396425 /* Build configuration list for PBXNativeTarget "CalCTests" */ = {
			isa = XCConfigurationList;
			buildConfigurations = (
				6F038A001C6802F800396425 /* Debug */,
				6F038A011C6802F800396425 /* Release */,
			);
			defaultConfigurationIsVisible = 0;
		};
		6F038A021C6802F800396425 /* Build configuration list for PBXNativeTarget "CalCUITests" */ = {
			isa = XCConfigurationList;
			buildConfigurations = (
				6F038A031C6802F800396425 /* Debug */,
				6F038A041C6802F800396425 /* Release */,
			);
			defaultConfigurationIsVisible = 0;
		};
/* End XCConfigurationList section */
	};
	rootObject = 6F0389CC1C6802F800396425 /* Project object */;
}
